
Microsoft Visual Studio Solution File, Format Version 12.00
# Visual Studio 15
VisualStudioVersion = 15.0.27309.0
MinimumVisualStudioVersion = 10.0.40219.1
Project("{9A19103F-16F7-4668-BE54-9A1E7A4F7556}") = "ConsoleDemo01", "ConsoleDemo01\ConsoleDemo01.csproj", "{D1E6F1CC-687E-4862-9842-DA714D781310}"
EndProject
Project("{9A19103F-16F7-4668-BE54-9A1E7A4F7556}") = "PublicationsLib", "PublicationsLib\PublicationsLib.csproj", "{6B018F1B-3165-4719-B0A1-122E39ADC753}"
EndProject
Project("{FAE04EC0-301F-11D3-BF4B-00C04F79EFBC}") = "DemoPublicationWeb", "DemoPublicationWeb\DemoPublicationWeb.csproj", "{E7CE1D9F-D5F7-4175-AF7D-613CFE20B21F}"
EndProject
Global
	GlobalSection(SolutionConfigurationPlatforms) = preSolution
		Debug|Any CPU = Debug|Any CPU
		Release|Any CPU = Release|Any CPU
	EndGlobalSection
	GlobalSection(ProjectConfigurationPlatforms) = postSolution
		{D1E6F1CC-687E-4862-9842-DA714D781310}.Debug|Any CPU.ActiveCfg = Debug|Any CPU
		{D1E6F1CC-687E-4862-9842-DA714D781310}.Debug|Any CPU.Build.0 = Debug|Any CPU
		{D1E6F1CC-687E-4862-9842-DA714D781310}.Release|Any CPU.ActiveCfg = Release|Any CPU
		{D1E6F1CC-687E-4862-9842-DA714D781310}.Release|Any CPU.Build.0 = Release|Any CPU
		{6B018F1B-3165-4719-B0A1-122E39ADC753}.Debug|Any CPU.ActiveCfg = Debug|Any CPU
		{6B018F1B-3165-4719-B0A1-122E39ADC753}.Debug|Any CPU.Build.0 = Debug|Any CPU
		{6B018F1B-3165-4719-B0A1-122E39ADC753}.Release|Any CPU.ActiveCfg = Release|Any CPU
		{6B018F1B-3165-4719-B0A1-122E39ADC753}.Release|Any CPU.Build.0 = Release|Any CPU
		{E7CE1D9F-D5F7-4175-AF7D-613CFE20B21F}.Debug|Any CPU.ActiveCfg = Debug|Any CPU
		{E7CE1D9F-D5F7-4175-AF7D-613CFE20B21F}.Debug|Any CPU.Build.0 = Debug|Any CPU
		{E7CE1D9F-D5F7-4175-AF7D-613CFE20B21F}.Release|Any CPU.ActiveCfg = Release|Any CPU
		{E7CE1D9F-D5F7-4175-AF7D-613CFE20B21F}.Release|Any CPU.Build.0 = Release|Any CPU
	EndGlobalSection
	GlobalSection(SolutionProperties) = preSolution
		HideSolutionNode = FALSE
	EndGlobalSection
	GlobalSection(ExtensibilityGlobals) = postSolution
		SolutionGuid = {952FEC36-FCCA-4835-A8C9-52BABC6D27A0}
	EndGlobalSection
EndGlobal
